<?xml version="1.0" encoding="utf-8"?>
<Project ToolsVersion="15.0" xmlns="http://schemas.microsoft.com/developer/msbuild/2003">
  <ItemGroup>
    <ClCompile Include="C:\Users\amomorning\source\repos\DigitalGeometryProcessing\Deformation\main.cpp">
      <Filter>Source Files</Filter>
    </ClCompile>
  </ItemGroup>
  <ItemGroup>
    <CustomBuild Include="C:\Users\amomorning\source\repos\DigitalGeometryProcessing\CMakeLists.txt" />
  </ItemGroup>
  <ItemGroup>
    <Filter Include="Source Files">
      <UniqueIdentifier>{DCD7F3E6-85E3-330F-BEA8-BE2F257E5533}</UniqueIdentifier>
    </Filter>
  </ItemGroup>
</Project>
