Microsoft Visual Studio Solution File, Format Version 12.00
# Visual Studio 15
Project("{8BC9CEB8-8B4A-11D0-8D11-00A0C91BC942}") = "ALL_BUILD", "ALL_BUILD.vcxproj", "{87E58FD8-A0D9-3C15-B2CA-F22AF680693C}"
	ProjectSection(ProjectDependencies) = postProject
		{83A05F29-4C55-3F5A-98A4-28F37AA71554} = {83A05F29-4C55-3F5A-98A4-28F37AA71554}
		{815567CD-F9D9-3B45-B02E-EE6BD8BD8967} = {815567CD-F9D9-3B45-B02E-EE6BD8BD8967}
		{28B775F7-BC46-361D-A719-4A4F2A8AE53E} = {28B775F7-BC46-361D-A719-4A4F2A8AE53E}
	EndProjectSection
EndProject
Project("{8BC9CEB8-8B4A-11D0-8D11-00A0C91BC942}") = "Deformation", "Deformation.vcxproj", "{83A05F29-4C55-3F5A-98A4-28F37AA71554}"
	ProjectSection(ProjectDependencies) = postProject
		{28B775F7-BC46-361D-A719-4A4F2A8AE53E} = {28B775F7-BC46-361D-A719-4A4F2A8AE53E}
	EndProjectSection
EndProject
Project("{8BC9CEB8-8B4A-11D0-8D11-00A0C91BC942}") = "Test", "Test.vcxproj", "{815567CD-F9D9-3B45-B02E-EE6BD8BD8967}"
	ProjectSection(ProjectDependencies) = postProject
		{28B775F7-BC46-361D-A719-4A4F2A8AE53E} = {28B775F7-BC46-361D-A719-4A4F2A8AE53E}
	EndProjectSection
EndProject
Project("{8BC9CEB8-8B4A-11D0-8D11-00A0C91BC942}") = "ZERO_CHECK", "ZERO_CHECK.vcxproj", "{28B775F7-BC46-361D-A719-4A4F2A8AE53E}"
	ProjectSection(ProjectDependencies) = postProject
	EndProjectSection
EndProject
Global
	GlobalSection(SolutionConfigurationPlatforms) = preSolution
		Debug|x64 = Debug|x64
		Release|x64 = Release|x64
		MinSizeRel|x64 = MinSizeRel|x64
		RelWithDebInfo|x64 = RelWithDebInfo|x64
	EndGlobalSection
	GlobalSection(ProjectConfigurationPlatforms) = postSolution
		{87E58FD8-A0D9-3C15-B2CA-F22AF680693C}.Debug|x64.ActiveCfg = Debug|x64
		{87E58FD8-A0D9-3C15-B2CA-F22AF680693C}.Release|x64.ActiveCfg = Release|x64
		{87E58FD8-A0D9-3C15-B2CA-F22AF680693C}.MinSizeRel|x64.ActiveCfg = MinSizeRel|x64
		{87E58FD8-A0D9-3C15-B2CA-F22AF680693C}.RelWithDebInfo|x64.ActiveCfg = RelWithDebInfo|x64
		{83A05F29-4C55-3F5A-98A4-28F37AA71554}.Debug|x64.ActiveCfg = Debug|x64
		{83A05F29-4C55-3F5A-98A4-28F37AA71554}.Debug|x64.Build.0 = Debug|x64
		{83A05F29-4C55-3F5A-98A4-28F37AA71554}.Release|x64.ActiveCfg = Release|x64
		{83A05F29-4C55-3F5A-98A4-28F37AA71554}.Release|x64.Build.0 = Release|x64
		{83A05F29-4C55-3F5A-98A4-28F37AA71554}.MinSizeRel|x64.ActiveCfg = MinSizeRel|x64
		{83A05F29-4C55-3F5A-98A4-28F37AA71554}.MinSizeRel|x64.Build.0 = MinSizeRel|x64
		{83A05F29-4C55-3F5A-98A4-28F37AA71554}.RelWithDebInfo|x64.ActiveCfg = RelWithDebInfo|x64
		{83A05F29-4C55-3F5A-98A4-28F37AA71554}.RelWithDebInfo|x64.Build.0 = RelWithDebInfo|x64
		{815567CD-F9D9-3B45-B02E-EE6BD8BD8967}.Debug|x64.ActiveCfg = Debug|x64
		{815567CD-F9D9-3B45-B02E-EE6BD8BD8967}.Debug|x64.Build.0 = Debug|x64
		{815567CD-F9D9-3B45-B02E-EE6BD8BD8967}.Release|x64.ActiveCfg = Release|x64
		{815567CD-F9D9-3B45-B02E-EE6BD8BD8967}.Release|x64.Build.0 = Release|x64
		{815567CD-F9D9-3B45-B02E-EE6BD8BD8967}.MinSizeRel|x64.ActiveCfg = MinSizeRel|x64
		{815567CD-F9D9-3B45-B02E-EE6BD8BD8967}.MinSizeRel|x64.Build.0 = MinSizeRel|x64
		{815567CD-F9D9-3B45-B02E-EE6BD8BD8967}.RelWithDebInfo|x64.ActiveCfg = RelWithDebInfo|x64
		{815567CD-F9D9-3B45-B02E-EE6BD8BD8967}.RelWithDebInfo|x64.Build.0 = RelWithDebInfo|x64
		{28B775F7-BC46-361D-A719-4A4F2A8AE53E}.Debug|x64.ActiveCfg = Debug|x64
		{28B775F7-BC46-361D-A719-4A4F2A8AE53E}.Debug|x64.Build.0 = Debug|x64
		{28B775F7-BC46-361D-A719-4A4F2A8AE53E}.Release|x64.ActiveCfg = Release|x64
		{28B775F7-BC46-361D-A719-4A4F2A8AE53E}.Release|x64.Build.0 = Release|x64
		{28B775F7-BC46-361D-A719-4A4F2A8AE53E}.MinSizeRel|x64.ActiveCfg = MinSizeRel|x64
		{28B775F7-BC46-361D-A719-4A4F2A8AE53E}.MinSizeRel|x64.Build.0 = MinSizeRel|x64
		{28B775F7-BC46-361D-A719-4A4F2A8AE53E}.RelWithDebInfo|x64.ActiveCfg = RelWithDebInfo|x64
		{28B775F7-BC46-361D-A719-4A4F2A8AE53E}.RelWithDebInfo|x64.Build.0 = RelWithDebInfo|x64
	EndGlobalSection
	GlobalSection(ExtensibilityGlobals) = postSolution
		SolutionGuid = {77ED60EF-C648-30C3-AC33-A7501E7DCF97}
	EndGlobalSection
	GlobalSection(ExtensibilityAddIns) = postSolution
	EndGlobalSection
EndGlobal
